// !$*UTF8*$!
{
	archiveVersion = 1;
	classes = {
	};
	objectVersion = 56;
	objects = {

/* Begin PBXBuildFile section */
		45F3F1ED2ADD35F300D13F6C /* travel_sample_appApp.swift in Sources */ = {isa = PBXBuildFile; fileRef = 45F3F1EC2ADD35F300D13F6C /* travel_sample_appApp.swift */; };
		45F3F1F12ADD35F400D13F6C /* Assets.xcassets in Resources */ = {isa = PBXBuildFile; fileRef = 45F3F1F02ADD35F400D13F6C /* Assets.xcassets */; };
		45F3F1F42ADD35F400D13F6C /* Preview Assets.xcassets in Resources */ = {isa = PBXBuildFile; fileRef = 45F3F1F32ADD35F400D13F6C /* Preview Assets.xcassets */; };
		45F3F2082ADD35F400D13F6C /* travel_sample_appUITests.swift in Sources */ = {isa = PBXBuildFile; fileRef = 45F3F2072ADD35F400D13F6C /* travel_sample_appUITests.swift */; };
		45F3F20A2ADD35F400D13F6C /* travel_sample_appUITestsLaunchTests.swift in Sources */ = {isa = PBXBuildFile; fileRef = 45F3F2092ADD35F400D13F6C /* travel_sample_appUITestsLaunchTests.swift */; };
		45F3F2192ADD392800D13F6C /* FlightOfferCardView.swift in Sources */ = {isa = PBXBuildFile; fileRef = 45F3F2182ADD392800D13F6C /* FlightOfferCardView.swift */; };
		45F3F21B2ADD3B2600D13F6C /* FlightOfferCollectionView.swift in Sources */ = {isa = PBXBuildFile; fileRef = 45F3F21A2ADD3B2600D13F6C /* FlightOfferCollectionView.swift */; };
		45F3F21D2ADD6B1400D13F6C /* FlightOffersBuilder.swift in Sources */ = {isa = PBXBuildFile; fileRef = 45F3F21C2ADD6B1400D13F6C /* FlightOffersBuilder.swift */; };
		45F3F21F2ADD6C2900D13F6C /* FlighOffersInteractor.swift in Sources */ = {isa = PBXBuildFile; fileRef = 45F3F21E2ADD6C2900D13F6C /* FlighOffersInteractor.swift */; };
		45F3F2242ADD6D3A00D13F6C /* FlighOffersPresenter.swift in Sources */ = {isa = PBXBuildFile; fileRef = 45F3F2232ADD6D3A00D13F6C /* FlighOffersPresenter.swift */; };
		45F3F2262ADD6D7F00D13F6C /* FlightOffersServicesProtocol.swift in Sources */ = {isa = PBXBuildFile; fileRef = 45F3F2252ADD6D7F00D13F6C /* FlightOffersServicesProtocol.swift */; };
		45F3F2282ADD731900D13F6C /* FlightOffersInteractorEvents.swift in Sources */ = {isa = PBXBuildFile; fileRef = 45F3F2272ADD731900D13F6C /* FlightOffersInteractorEvents.swift */; };
		45F3F22B2ADD746400D13F6C /* FlightOfferEntity.swift in Sources */ = {isa = PBXBuildFile; fileRef = 45F3F22A2ADD746400D13F6C /* FlightOfferEntity.swift */; };
		45F3F22E2ADD74CC00D13F6C /* AutoMockable.swift in Sources */ = {isa = PBXBuildFile; fileRef = 45F3F22D2ADD74CC00D13F6C /* AutoMockable.swift */; };
		45F3F2302ADD773A00D13F6C /* FlightOffersViewModel.swift in Sources */ = {isa = PBXBuildFile; fileRef = 45F3F22F2ADD773A00D13F6C /* FlightOffersViewModel.swift */; };
		45F3F2322ADD7BF400D13F6C /* FlightOffersView.swift in Sources */ = {isa = PBXBuildFile; fileRef = 45F3F2312ADD7BF400D13F6C /* FlightOffersView.swift */; };
		45F3F2352ADD7E4E00D13F6C /* Storage.swift in Sources */ = {isa = PBXBuildFile; fileRef = 45F3F2342ADD7E4E00D13F6C /* Storage.swift */; };
		45F3F2372ADE22AA00D13F6C /* PlaceEntity.swift in Sources */ = {isa = PBXBuildFile; fileRef = 45F3F2362ADE22AA00D13F6C /* PlaceEntity.swift */; };
		45F3F2392ADE2A2900D13F6C /* PlacesResponse.swift in Sources */ = {isa = PBXBuildFile; fileRef = 45F3F2382ADE2A2900D13F6C /* PlacesResponse.swift */; };
		45F3F23C2ADE2E9A00D13F6C /* GraphqlQuery.swift in Sources */ = {isa = PBXBuildFile; fileRef = 45F3F23B2ADE2E9A00D13F6C /* GraphqlQuery.swift */; };
		45F3F23E2ADE303800D13F6C /* Storage+FlightOffersServicesProtocol.swift in Sources */ = {isa = PBXBuildFile; fileRef = 45F3F23D2ADE303800D13F6C /* Storage+FlightOffersServicesProtocol.swift */; };
		45F3F2402ADE30D900D13F6C /* Storage+Places.swift in Sources */ = {isa = PBXBuildFile; fileRef = 45F3F23F2ADE30D900D13F6C /* Storage+Places.swift */; };
		45F3F2422ADE31ED00D13F6C /* Storage+OnewayItineraries.swift in Sources */ = {isa = PBXBuildFile; fileRef = 45F3F2412ADE31ED00D13F6C /* Storage+OnewayItineraries.swift */; };
		45F3F2442ADE326700D13F6C /* OnewayItinerariesResponse.swift in Sources */ = {isa = PBXBuildFile; fileRef = 45F3F2432ADE326700D13F6C /* OnewayItinerariesResponse.swift */; };
		45F3F24B2ADEFE5B00D13F6C /* Automockable.generated.swift in Sources */ = {isa = PBXBuildFile; fileRef = 45F3F24A2ADEFE5B00D13F6C /* Automockable.generated.swift */; };
		45F3F24F2ADEFF0200D13F6C /* FlightOfferViewModelBuilderTests.swift in Sources */ = {isa = PBXBuildFile; fileRef = 45F3F24E2ADEFF0200D13F6C /* FlightOfferViewModelBuilderTests.swift */; };
		45F3F2512ADFA03600D13F6C /* FlightOfferInteractorOnInitialLoad.swift in Sources */ = {isa = PBXBuildFile; fileRef = 45F3F2502ADFA03600D13F6C /* FlightOfferInteractorOnInitialLoad.swift */; };
/* End PBXBuildFile section */

/* Begin PBXContainerItemProxy section */
		45F3F1FA2ADD35F400D13F6C /* PBXContainerItemProxy */ = {
			isa = PBXContainerItemProxy;
			containerPortal = 45F3F1E12ADD35F300D13F6C /* Project object */;
			proxyType = 1;
			remoteGlobalIDString = 45F3F1E82ADD35F300D13F6C;
			remoteInfo = "travel sample app";
		};
		45F3F2042ADD35F400D13F6C /* PBXContainerItemProxy */ = {
			isa = PBXContainerItemProxy;
			containerPortal = 45F3F1E12ADD35F300D13F6C /* Project object */;
			proxyType = 1;
			remoteGlobalIDString = 45F3F1E82ADD35F300D13F6C;
			remoteInfo = "travel sample app";
		};
/* End PBXContainerItemProxy section */

/* Begin PBXFileReference section */
		45F3F1E92ADD35F300D13F6C /* travel sample app.app */ = {isa = PBXFileReference; explicitFileType = wrapper.application; includeInIndex = 0; path = "travel sample app.app"; sourceTree = BUILT_PRODUCTS_DIR; };
		45F3F1EC2ADD35F300D13F6C /* travel_sample_appApp.swift */ = {isa = PBXFileReference; lastKnownFileType = sourcecode.swift; path = travel_sample_appApp.swift; sourceTree = "<group>"; };
		45F3F1F02ADD35F400D13F6C /* Assets.xcassets */ = {isa = PBXFileReference; lastKnownFileType = folder.assetcatalog; path = Assets.xcassets; sourceTree = "<group>"; };
		45F3F1F32ADD35F400D13F6C /* Preview Assets.xcassets */ = {isa = PBXFileReference; lastKnownFileType = folder.assetcatalog; path = "Preview Assets.xcassets"; sourceTree = "<group>"; };
		45F3F1F92ADD35F400D13F6C /* travel sample appTests.xctest */ = {isa = PBXFileReference; explicitFileType = wrapper.cfbundle; includeInIndex = 0; path = "travel sample appTests.xctest"; sourceTree = BUILT_PRODUCTS_DIR; };
		45F3F2032ADD35F400D13F6C /* travel sample appUITests.xctest */ = {isa = PBXFileReference; explicitFileType = wrapper.cfbundle; includeInIndex = 0; path = "travel sample appUITests.xctest"; sourceTree = BUILT_PRODUCTS_DIR; };
		45F3F2072ADD35F400D13F6C /* travel_sample_appUITests.swift */ = {isa = PBXFileReference; lastKnownFileType = sourcecode.swift; path = travel_sample_appUITests.swift; sourceTree = "<group>"; };
		45F3F2092ADD35F400D13F6C /* travel_sample_appUITestsLaunchTests.swift */ = {isa = PBXFileReference; lastKnownFileType = sourcecode.swift; path = travel_sample_appUITestsLaunchTests.swift; sourceTree = "<group>"; };
		45F3F2182ADD392800D13F6C /* FlightOfferCardView.swift */ = {isa = PBXFileReference; lastKnownFileType = sourcecode.swift; path = FlightOfferCardView.swift; sourceTree = "<group>"; };
		45F3F21A2ADD3B2600D13F6C /* FlightOfferCollectionView.swift */ = {isa = PBXFileReference; lastKnownFileType = sourcecode.swift; path = FlightOfferCollectionView.swift; sourceTree = "<group>"; };
		45F3F21C2ADD6B1400D13F6C /* FlightOffersBuilder.swift */ = {isa = PBXFileReference; lastKnownFileType = sourcecode.swift; path = FlightOffersBuilder.swift; sourceTree = "<group>"; };
		45F3F21E2ADD6C2900D13F6C /* FlighOffersInteractor.swift */ = {isa = PBXFileReference; lastKnownFileType = sourcecode.swift; path = FlighOffersInteractor.swift; sourceTree = "<group>"; };
		45F3F2232ADD6D3A00D13F6C /* FlighOffersPresenter.swift */ = {isa = PBXFileReference; lastKnownFileType = sourcecode.swift; path = FlighOffersPresenter.swift; sourceTree = "<group>"; };
		45F3F2252ADD6D7F00D13F6C /* FlightOffersServicesProtocol.swift */ = {isa = PBXFileReference; lastKnownFileType = sourcecode.swift; path = FlightOffersServicesProtocol.swift; sourceTree = "<group>"; };
		45F3F2272ADD731900D13F6C /* FlightOffersInteractorEvents.swift */ = {isa = PBXFileReference; lastKnownFileType = sourcecode.swift; path = FlightOffersInteractorEvents.swift; sourceTree = "<group>"; };
		45F3F22A2ADD746400D13F6C /* FlightOfferEntity.swift */ = {isa = PBXFileReference; lastKnownFileType = sourcecode.swift; path = FlightOfferEntity.swift; sourceTree = "<group>"; };
		45F3F22D2ADD74CC00D13F6C /* AutoMockable.swift */ = {isa = PBXFileReference; lastKnownFileType = sourcecode.swift; path = AutoMockable.swift; sourceTree = "<group>"; };
		45F3F22F2ADD773A00D13F6C /* FlightOffersViewModel.swift */ = {isa = PBXFileReference; lastKnownFileType = sourcecode.swift; path = FlightOffersViewModel.swift; sourceTree = "<group>"; };
		45F3F2312ADD7BF400D13F6C /* FlightOffersView.swift */ = {isa = PBXFileReference; lastKnownFileType = sourcecode.swift; path = FlightOffersView.swift; sourceTree = "<group>"; };
		45F3F2342ADD7E4E00D13F6C /* Storage.swift */ = {isa = PBXFileReference; lastKnownFileType = sourcecode.swift; path = Storage.swift; sourceTree = "<group>"; };
		45F3F2362ADE22AA00D13F6C /* PlaceEntity.swift */ = {isa = PBXFileReference; lastKnownFileType = sourcecode.swift; path = PlaceEntity.swift; sourceTree = "<group>"; };
		45F3F2382ADE2A2900D13F6C /* PlacesResponse.swift */ = {isa = PBXFileReference; lastKnownFileType = sourcecode.swift; path = PlacesResponse.swift; sourceTree = "<group>"; };
		45F3F23B2ADE2E9A00D13F6C /* GraphqlQuery.swift */ = {isa = PBXFileReference; lastKnownFileType = sourcecode.swift; path = GraphqlQuery.swift; sourceTree = "<group>"; };
		45F3F23D2ADE303800D13F6C /* Storage+FlightOffersServicesProtocol.swift */ = {isa = PBXFileReference; lastKnownFileType = sourcecode.swift; path = "Storage+FlightOffersServicesProtocol.swift"; sourceTree = "<group>"; };
		45F3F23F2ADE30D900D13F6C /* Storage+Places.swift */ = {isa = PBXFileReference; lastKnownFileType = sourcecode.swift; path = "Storage+Places.swift"; sourceTree = "<group>"; };
		45F3F2412ADE31ED00D13F6C /* Storage+OnewayItineraries.swift */ = {isa = PBXFileReference; lastKnownFileType = sourcecode.swift; path = "Storage+OnewayItineraries.swift"; sourceTree = "<group>"; };
		45F3F2432ADE326700D13F6C /* OnewayItinerariesResponse.swift */ = {isa = PBXFileReference; lastKnownFileType = sourcecode.swift; path = OnewayItinerariesResponse.swift; sourceTree = "<group>"; };
		45F3F24A2ADEFE5B00D13F6C /* Automockable.generated.swift */ = {isa = PBXFileReference; fileEncoding = 4; lastKnownFileType = sourcecode.swift; path = Automockable.generated.swift; sourceTree = "<group>"; };
		45F3F24E2ADEFF0200D13F6C /* FlightOfferViewModelBuilderTests.swift */ = {isa = PBXFileReference; lastKnownFileType = sourcecode.swift; path = FlightOfferViewModelBuilderTests.swift; sourceTree = "<group>"; };
		45F3F2502ADFA03600D13F6C /* FlightOfferInteractorOnInitialLoad.swift */ = {isa = PBXFileReference; lastKnownFileType = sourcecode.swift; path = FlightOfferInteractorOnInitialLoad.swift; sourceTree = "<group>"; };
/* End PBXFileReference section */

/* Begin PBXFrameworksBuildPhase section */
		45F3F1E62ADD35F300D13F6C /* Frameworks */ = {
			isa = PBXFrameworksBuildPhase;
			buildActionMask = 2147483647;
			files = (
			);
			runOnlyForDeploymentPostprocessing = 0;
		};
		45F3F1F62ADD35F400D13F6C /* Frameworks */ = {
			isa = PBXFrameworksBuildPhase;
			buildActionMask = 2147483647;
			files = (
			);
			runOnlyForDeploymentPostprocessing = 0;
		};
		45F3F2002ADD35F400D13F6C /* Frameworks */ = {
			isa = PBXFrameworksBuildPhase;
			buildActionMask = 2147483647;
			files = (
			);
			runOnlyForDeploymentPostprocessing = 0;
		};
/* End PBXFrameworksBuildPhase section */

/* Begin PBXGroup section */
		45F3F1E02ADD35F300D13F6C = {
			isa = PBXGroup;
			children = (
				45F3F1EB2ADD35F300D13F6C /* travel sample app */,
				45F3F1FC2ADD35F400D13F6C /* travel sample appTests */,
				45F3F2062ADD35F400D13F6C /* travel sample appUITests */,
				45F3F1EA2ADD35F300D13F6C /* Products */,
			);
			sourceTree = "<group>";
		};
		45F3F1EA2ADD35F300D13F6C /* Products */ = {
			isa = PBXGroup;
			children = (
				45F3F1E92ADD35F300D13F6C /* travel sample app.app */,
				45F3F1F92ADD35F400D13F6C /* travel sample appTests.xctest */,
				45F3F2032ADD35F400D13F6C /* travel sample appUITests.xctest */,
			);
			name = Products;
			sourceTree = "<group>";
		};
		45F3F1EB2ADD35F300D13F6C /* travel sample app */ = {
			isa = PBXGroup;
			children = (
				45F3F2162ADD38FE00D13F6C /* Features */,
				45F3F2292ADD743600D13F6C /* Entities */,
				45F3F2332ADD7E2200D13F6C /* Services */,
				45F3F22C2ADD74B300D13F6C /* Utilis */,
				45F3F1EC2ADD35F300D13F6C /* travel_sample_appApp.swift */,
				45F3F1F02ADD35F400D13F6C /* Assets.xcassets */,
				45F3F1F22ADD35F400D13F6C /* Preview Content */,
			);
			path = "travel sample app";
			sourceTree = "<group>";
		};
		45F3F1F22ADD35F400D13F6C /* Preview Content */ = {
			isa = PBXGroup;
			children = (
				45F3F1F32ADD35F400D13F6C /* Preview Assets.xcassets */,
			);
			path = "Preview Content";
			sourceTree = "<group>";
		};
		45F3F1FC2ADD35F400D13F6C /* travel sample appTests */ = {
			isa = PBXGroup;
			children = (
				45F3F24C2ADEFE7200D13F6C /* Features */,
				45F3F2492ADEFE5B00D13F6C /* Generated */,
			);
			path = "travel sample appTests";
			sourceTree = "<group>";
		};
		45F3F2062ADD35F400D13F6C /* travel sample appUITests */ = {
			isa = PBXGroup;
			children = (
				45F3F2072ADD35F400D13F6C /* travel_sample_appUITests.swift */,
				45F3F2092ADD35F400D13F6C /* travel_sample_appUITestsLaunchTests.swift */,
			);
			path = "travel sample appUITests";
			sourceTree = "<group>";
		};
		45F3F2162ADD38FE00D13F6C /* Features */ = {
			isa = PBXGroup;
			children = (
				45F3F2172ADD390800D13F6C /* FlightOffers */,
			);
			path = Features;
			sourceTree = "<group>";
		};
		45F3F2172ADD390800D13F6C /* FlightOffers */ = {
			isa = PBXGroup;
			children = (
				45F3F2222ADD6D0B00D13F6C /* View */,
				45F3F2212ADD6CFD00D13F6C /* Presenter */,
				45F3F2202ADD6CEF00D13F6C /* Interactor */,
				45F3F21C2ADD6B1400D13F6C /* FlightOffersBuilder.swift */,
				45F3F2252ADD6D7F00D13F6C /* FlightOffersServicesProtocol.swift */,
			);
			path = FlightOffers;
			sourceTree = "<group>";
		};
		45F3F2202ADD6CEF00D13F6C /* Interactor */ = {
			isa = PBXGroup;
			children = (
				45F3F21E2ADD6C2900D13F6C /* FlighOffersInteractor.swift */,
				45F3F2272ADD731900D13F6C /* FlightOffersInteractorEvents.swift */,
			);
			path = Interactor;
			sourceTree = "<group>";
		};
		45F3F2212ADD6CFD00D13F6C /* Presenter */ = {
			isa = PBXGroup;
			children = (
				45F3F2232ADD6D3A00D13F6C /* FlighOffersPresenter.swift */,
			);
			path = Presenter;
			sourceTree = "<group>";
		};
		45F3F2222ADD6D0B00D13F6C /* View */ = {
			isa = PBXGroup;
			children = (
				45F3F2182ADD392800D13F6C /* FlightOfferCardView.swift */,
				45F3F21A2ADD3B2600D13F6C /* FlightOfferCollectionView.swift */,
				45F3F22F2ADD773A00D13F6C /* FlightOffersViewModel.swift */,
				45F3F2312ADD7BF400D13F6C /* FlightOffersView.swift */,
			);
			path = View;
			sourceTree = "<group>";
		};
		45F3F2292ADD743600D13F6C /* Entities */ = {
			isa = PBXGroup;
			children = (
				45F3F22A2ADD746400D13F6C /* FlightOfferEntity.swift */,
				45F3F2362ADE22AA00D13F6C /* PlaceEntity.swift */,
			);
			path = Entities;
			sourceTree = "<group>";
		};
		45F3F22C2ADD74B300D13F6C /* Utilis */ = {
			isa = PBXGroup;
			children = (
				45F3F22D2ADD74CC00D13F6C /* AutoMockable.swift */,
			);
			path = Utilis;
			sourceTree = "<group>";
		};
		45F3F2332ADD7E2200D13F6C /* Services */ = {
			isa = PBXGroup;
			children = (
				45F3F23A2ADE2E7400D13F6C /* RemoteStorage */,
				45F3F2342ADD7E4E00D13F6C /* Storage.swift */,
				45F3F23D2ADE303800D13F6C /* Storage+FlightOffersServicesProtocol.swift */,
			);
			path = Services;
			sourceTree = "<group>";
		};
		45F3F23A2ADE2E7400D13F6C /* RemoteStorage */ = {
			isa = PBXGroup;
			children = (
				45F3F2452ADE3AF800D13F6C /* Responses */,
				45F3F23B2ADE2E9A00D13F6C /* GraphqlQuery.swift */,
				45F3F23F2ADE30D900D13F6C /* Storage+Places.swift */,
				45F3F2412ADE31ED00D13F6C /* Storage+OnewayItineraries.swift */,
			);
			path = RemoteStorage;
			sourceTree = "<group>";
		};
		45F3F2452ADE3AF800D13F6C /* Responses */ = {
			isa = PBXGroup;
			children = (
				45F3F2382ADE2A2900D13F6C /* PlacesResponse.swift */,
				45F3F2432ADE326700D13F6C /* OnewayItinerariesResponse.swift */,
			);
			path = Responses;
			sourceTree = "<group>";
		};
		45F3F2492ADEFE5B00D13F6C /* Generated */ = {
			isa = PBXGroup;
			children = (
				45F3F24A2ADEFE5B00D13F6C /* Automockable.generated.swift */,
			);
			path = Generated;
			sourceTree = "<group>";
		};
		45F3F24C2ADEFE7200D13F6C /* Features */ = {
			isa = PBXGroup;
			children = (
				45F3F24D2ADEFE8200D13F6C /* FlightOffers */,
			);
			path = Features;
			sourceTree = "<group>";
		};
		45F3F24D2ADEFE8200D13F6C /* FlightOffers */ = {
			isa = PBXGroup;
			children = (
				45F3F24E2ADEFF0200D13F6C /* FlightOfferViewModelBuilderTests.swift */,
				45F3F2502ADFA03600D13F6C /* FlightOfferInteractorOnInitialLoad.swift */,
			);
			path = FlightOffers;
			sourceTree = "<group>";
		};
/* End PBXGroup section */

/* Begin PBXNativeTarget section */
		45F3F1E82ADD35F300D13F6C /* travel sample app */ = {
			isa = PBXNativeTarget;
			buildConfigurationList = 45F3F20D2ADD35F400D13F6C /* Build configuration list for PBXNativeTarget "travel sample app" */;
			buildPhases = (
				45F3F1E52ADD35F300D13F6C /* Sources */,
				45F3F1E62ADD35F300D13F6C /* Frameworks */,
				45F3F1E72ADD35F300D13F6C /* Resources */,
			);
			buildRules = (
			);
			dependencies = (
			);
			name = "travel sample app";
			productName = "travel sample app";
			productReference = 45F3F1E92ADD35F300D13F6C /* travel sample app.app */;
			productType = "com.apple.product-type.application";
		};
		45F3F1F82ADD35F400D13F6C /* travel sample appTests */ = {
			isa = PBXNativeTarget;
			buildConfigurationList = 45F3F2102ADD35F400D13F6C /* Build configuration list for PBXNativeTarget "travel sample appTests" */;
			buildPhases = (
				45F3F1F52ADD35F400D13F6C /* Sources */,
				45F3F1F62ADD35F400D13F6C /* Frameworks */,
				45F3F1F72ADD35F400D13F6C /* Resources */,
			);
			buildRules = (
			);
			dependencies = (
				45F3F1FB2ADD35F400D13F6C /* PBXTargetDependency */,
			);
			name = "travel sample appTests";
			productName = "travel sample appTests";
			productReference = 45F3F1F92ADD35F400D13F6C /* travel sample appTests.xctest */;
			productType = "com.apple.product-type.bundle.unit-test";
		};
		45F3F2022ADD35F400D13F6C /* travel sample appUITests */ = {
			isa = PBXNativeTarget;
			buildConfigurationList = 45F3F2132ADD35F400D13F6C /* Build configuration list for PBXNativeTarget "travel sample appUITests" */;
			buildPhases = (
				45F3F1FF2ADD35F400D13F6C /* Sources */,
				45F3F2002ADD35F400D13F6C /* Frameworks */,
				45F3F2012ADD35F400D13F6C /* Resources */,
			);
			buildRules = (
			);
			dependencies = (
				45F3F2052ADD35F400D13F6C /* PBXTargetDependency */,
			);
			name = "travel sample appUITests";
			productName = "travel sample appUITests";
			productReference = 45F3F2032ADD35F400D13F6C /* travel sample appUITests.xctest */;
			productType = "com.apple.product-type.bundle.ui-testing";
		};
/* End PBXNativeTarget section */

/* Begin PBXProject section */
		45F3F1E12ADD35F300D13F6C /* Project object */ = {
			isa = PBXProject;
			attributes = {
				BuildIndependentTargetsInParallel = 1;
				LastSwiftUpdateCheck = 1430;
				LastUpgradeCheck = 1430;
				TargetAttributes = {
					45F3F1E82ADD35F300D13F6C = {
						CreatedOnToolsVersion = 14.3.1;
					};
					45F3F1F82ADD35F400D13F6C = {
						CreatedOnToolsVersion = 14.3.1;
						TestTargetID = 45F3F1E82ADD35F300D13F6C;
					};
					45F3F2022ADD35F400D13F6C = {
						CreatedOnToolsVersion = 14.3.1;
						TestTargetID = 45F3F1E82ADD35F300D13F6C;
					};
				};
			};
			buildConfigurationList = 45F3F1E42ADD35F300D13F6C /* Build configuration list for PBXProject "travel sample app" */;
			compatibilityVersion = "Xcode 14.0";
			developmentRegion = en;
			hasScannedForEncodings = 0;
			knownRegions = (
				en,
				Base,
			);
			mainGroup = 45F3F1E02ADD35F300D13F6C;
			productRefGroup = 45F3F1EA2ADD35F300D13F6C /* Products */;
			projectDirPath = "";
			projectRoot = "";
			targets = (
				45F3F1E82ADD35F300D13F6C /* travel sample app */,
				45F3F1F82ADD35F400D13F6C /* travel sample appTests */,
				45F3F2022ADD35F400D13F6C /* travel sample appUITests */,
			);
		};
/* End PBXProject section */

/* Begin PBXResourcesBuildPhase section */
		45F3F1E72ADD35F300D13F6C /* Resources */ = {
			isa = PBXResourcesBuildPhase;
			buildActionMask = 2147483647;
			files = (
				45F3F1F42ADD35F400D13F6C /* Preview Assets.xcassets in Resources */,
				45F3F1F12ADD35F400D13F6C /* Assets.xcassets in Resources */,
			);
			runOnlyForDeploymentPostprocessing = 0;
		};
		45F3F1F72ADD35F400D13F6C /* Resources */ = {
			isa = PBXResourcesBuildPhase;
			buildActionMask = 2147483647;
			files = (
			);
			runOnlyForDeploymentPostprocessing = 0;
		};
		45F3F2012ADD35F400D13F6C /* Resources */ = {
			isa = PBXResourcesBuildPhase;
			buildActionMask = 2147483647;
			files = (
			);
			runOnlyForDeploymentPostprocessing = 0;
		};
/* End PBXResourcesBuildPhase section */

/* Begin PBXSourcesBuildPhase section */
		45F3F1E52ADD35F300D13F6C /* Sources */ = {
			isa = PBXSourcesBuildPhase;
			buildActionMask = 2147483647;
			files = (
				45F3F2322ADD7BF400D13F6C /* FlightOffersView.swift in Sources */,
				45F3F2192ADD392800D13F6C /* FlightOfferCardView.swift in Sources */,
				45F3F2402ADE30D900D13F6C /* Storage+Places.swift in Sources */,
				45F3F2372ADE22AA00D13F6C /* PlaceEntity.swift in Sources */,
				45F3F21B2ADD3B2600D13F6C /* FlightOfferCollectionView.swift in Sources */,
				45F3F2282ADD731900D13F6C /* FlightOffersInteractorEvents.swift in Sources */,
				45F3F2392ADE2A2900D13F6C /* PlacesResponse.swift in Sources */,
				45F3F2262ADD6D7F00D13F6C /* FlightOffersServicesProtocol.swift in Sources */,
				45F3F23E2ADE303800D13F6C /* Storage+FlightOffersServicesProtocol.swift in Sources */,
				45F3F2352ADD7E4E00D13F6C /* Storage.swift in Sources */,
				45F3F22E2ADD74CC00D13F6C /* AutoMockable.swift in Sources */,
				45F3F2422ADE31ED00D13F6C /* Storage+OnewayItineraries.swift in Sources */,
				45F3F22B2ADD746400D13F6C /* FlightOfferEntity.swift in Sources */,
				45F3F23C2ADE2E9A00D13F6C /* GraphqlQuery.swift in Sources */,
				45F3F2302ADD773A00D13F6C /* FlightOffersViewModel.swift in Sources */,
				45F3F2442ADE326700D13F6C /* OnewayItinerariesResponse.swift in Sources */,
				45F3F1ED2ADD35F300D13F6C /* travel_sample_appApp.swift in Sources */,
				45F3F21F2ADD6C2900D13F6C /* FlighOffersInteractor.swift in Sources */,
				45F3F2242ADD6D3A00D13F6C /* FlighOffersPresenter.swift in Sources */,
				45F3F21D2ADD6B1400D13F6C /* FlightOffersBuilder.swift in Sources */,
			);
			runOnlyForDeploymentPostprocessing = 0;
		};
		45F3F1F52ADD35F400D13F6C /* Sources */ = {
			isa = PBXSourcesBuildPhase;
			buildActionMask = 2147483647;
			files = (
				45F3F2512ADFA03600D13F6C /* FlightOfferInteractorOnInitialLoad.swift in Sources */,
				45F3F24B2ADEFE5B00D13F6C /* Automockable.generated.swift in Sources */,
				45F3F24F2ADEFF0200D13F6C /* FlightOfferViewModelBuilderTests.swift in Sources */,
			);
			runOnlyForDeploymentPostprocessing = 0;
		};
		45F3F1FF2ADD35F400D13F6C /* Sources */ = {
			isa = PBXSourcesBuildPhase;
			buildActionMask = 2147483647;
			files = (
				45F3F20A2ADD35F400D13F6C /* travel_sample_appUITestsLaunchTests.swift in Sources */,
				45F3F2082ADD35F400D13F6C /* travel_sample_appUITests.swift in Sources */,
			);
			runOnlyForDeploymentPostprocessing = 0;
		};
/* End PBXSourcesBuildPhase section */

/* Begin PBXTargetDependency section */
		45F3F1FB2ADD35F400D13F6C /* PBXTargetDependency */ = {
			isa = PBXTargetDependency;
			target = 45F3F1E82ADD35F300D13F6C /* travel sample app */;
			targetProxy = 45F3F1FA2ADD35F400D13F6C /* PBXContainerItemProxy */;
		};
		45F3F2052ADD35F400D13F6C /* PBXTargetDependency */ = {
			isa = PBXTargetDependency;
			target = 45F3F1E82ADD35F300D13F6C /* travel sample app */;
			targetProxy = 45F3F2042ADD35F400D13F6C /* PBXContainerItemProxy */;
		};
/* End PBXTargetDependency section */

/* Begin XCBuildConfiguration section */
		45F3F20B2ADD35F400D13F6C /* Debug */ = {
			isa = XCBuildConfiguration;
			buildSettings = {
				ALWAYS_SEARCH_USER_PATHS = NO;
				CLANG_ANALYZER_NONNULL = YES;
				CLANG_ANALYZER_NUMBER_OBJECT_CONVERSION = YES_AGGRESSIVE;
				CLANG_CXX_LANGUAGE_STANDARD = "gnu++20";
				CLANG_ENABLE_MODULES = YES;
				CLANG_ENABLE_OBJC_ARC = YES;
				CLANG_ENABLE_OBJC_WEAK = YES;
				CLANG_WARN_BLOCK_CAPTURE_AUTORELEASING = YES;
				CLANG_WARN_BOOL_CONVERSION = YES;
				CLANG_WARN_COMMA = YES;
				CLANG_WARN_CONSTANT_CONVERSION = YES;
				CLANG_WARN_DEPRECATED_OBJC_IMPLEMENTATIONS = YES;
				CLANG_WARN_DIRECT_OBJC_ISA_USAGE = YES_ERROR;
				CLANG_WARN_DOCUMENTATION_COMMENTS = YES;
				CLANG_WARN_EMPTY_BODY = YES;
				CLANG_WARN_ENUM_CONVERSION = YES;
				CLANG_WARN_INFINITE_RECURSION = YES;
				CLANG_WARN_INT_CONVERSION = YES;
				CLANG_WARN_NON_LITERAL_NULL_CONVERSION = YES;
				CLANG_WARN_OBJC_IMPLICIT_RETAIN_SELF = YES;
				CLANG_WARN_OBJC_LITERAL_CONVERSION = YES;
				CLANG_WARN_OBJC_ROOT_CLASS = YES_ERROR;
				CLANG_WARN_QUOTED_INCLUDE_IN_FRAMEWORK_HEADER = YES;
				CLANG_WARN_RANGE_LOOP_ANALYSIS = YES;
				CLANG_WARN_STRICT_PROTOTYPES = YES;
				CLANG_WARN_SUSPICIOUS_MOVE = YES;
				CLANG_WARN_UNGUARDED_AVAILABILITY = YES_AGGRESSIVE;
				CLANG_WARN_UNREACHABLE_CODE = YES;
				CLANG_WARN__DUPLICATE_METHOD_MATCH = YES;
				COPY_PHASE_STRIP = NO;
				DEBUG_INFORMATION_FORMAT = dwarf;
				ENABLE_STRICT_OBJC_MSGSEND = YES;
				ENABLE_TESTABILITY = YES;
				GCC_C_LANGUAGE_STANDARD = gnu11;
				GCC_DYNAMIC_NO_PIC = NO;
				GCC_NO_COMMON_BLOCKS = YES;
				GCC_OPTIMIZATION_LEVEL = 0;
				GCC_PREPROCESSOR_DEFINITIONS = (
					"DEBUG=1",
					"$(inherited)",
				);
				GCC_WARN_64_TO_32_BIT_CONVERSION = YES;
				GCC_WARN_ABOUT_RETURN_TYPE = YES_ERROR;
				GCC_WARN_UNDECLARED_SELECTOR = YES;
				GCC_WARN_UNINITIALIZED_AUTOS = YES_AGGRESSIVE;
				GCC_WARN_UNUSED_FUNCTION = YES;
				GCC_WARN_UNUSED_VARIABLE = YES;
				IPHONEOS_DEPLOYMENT_TARGET = 16.4;
				MTL_ENABLE_DEBUG_INFO = INCLUDE_SOURCE;
				MTL_FAST_MATH = YES;
				ONLY_ACTIVE_ARCH = YES;
				SDKROOT = iphoneos;
				SWIFT_ACTIVE_COMPILATION_CONDITIONS = DEBUG;
				SWIFT_OPTIMIZATION_LEVEL = "-Onone";
			};
			name = Debug;
		};
		45F3F20C2ADD35F400D13F6C /* Release */ = {
			isa = XCBuildConfiguration;
			buildSettings = {
				ALWAYS_SEARCH_USER_PATHS = NO;
				CLANG_ANALYZER_NONNULL = YES;
				CLANG_ANALYZER_NUMBER_OBJECT_CONVERSION = YES_AGGRESSIVE;
				CLANG_CXX_LANGUAGE_STANDARD = "gnu++20";
				CLANG_ENABLE_MODULES = YES;
				CLANG_ENABLE_OBJC_ARC = YES;
				CLANG_ENABLE_OBJC_WEAK = YES;
				CLANG_WARN_BLOCK_CAPTURE_AUTORELEASING = YES;
				CLANG_WARN_BOOL_CONVERSION = YES;
				CLANG_WARN_COMMA = YES;
				CLANG_WARN_CONSTANT_CONVERSION = YES;
				CLANG_WARN_DEPRECATED_OBJC_IMPLEMENTATIONS = YES;
				CLANG_WARN_DIRECT_OBJC_ISA_USAGE = YES_ERROR;
				CLANG_WARN_DOCUMENTATION_COMMENTS = YES;
				CLANG_WARN_EMPTY_BODY = YES;
				CLANG_WARN_ENUM_CONVERSION = YES;
				CLANG_WARN_INFINITE_RECURSION = YES;
				CLANG_WARN_INT_CONVERSION = YES;
				CLANG_WARN_NON_LITERAL_NULL_CONVERSION = YES;
				CLANG_WARN_OBJC_IMPLICIT_RETAIN_SELF = YES;
				CLANG_WARN_OBJC_LITERAL_CONVERSION = YES;
				CLANG_WARN_OBJC_ROOT_CLASS = YES_ERROR;
				CLANG_WARN_QUOTED_INCLUDE_IN_FRAMEWORK_HEADER = YES;
				CLANG_WARN_RANGE_LOOP_ANALYSIS = YES;
				CLANG_WARN_STRICT_PROTOTYPES = YES;
				CLANG_WARN_SUSPICIOUS_MOVE = YES;
				CLANG_WARN_UNGUARDED_AVAILABILITY = YES_AGGRESSIVE;
				CLANG_WARN_UNREACHABLE_CODE = YES;
				CLANG_WARN__DUPLICATE_METHOD_MATCH = YES;
				COPY_PHASE_STRIP = NO;
				DEBUG_INFORMATION_FORMAT = "dwarf-with-dsym";
				ENABLE_NS_ASSERTIONS = NO;
				ENABLE_STRICT_OBJC_MSGSEND = YES;
				GCC_C_LANGUAGE_STANDARD = gnu11;
				GCC_NO_COMMON_BLOCKS = YES;
				GCC_WARN_64_TO_32_BIT_CONVERSION = YES;
				GCC_WARN_ABOUT_RETURN_TYPE = YES_ERROR;
				GCC_WARN_UNDECLARED_SELECTOR = YES;
				GCC_WARN_UNINITIALIZED_AUTOS = YES_AGGRESSIVE;
				GCC_WARN_UNUSED_FUNCTION = YES;
				GCC_WARN_UNUSED_VARIABLE = YES;
				IPHONEOS_DEPLOYMENT_TARGET = 16.4;
				MTL_ENABLE_DEBUG_INFO = NO;
				MTL_FAST_MATH = YES;
				SDKROOT = iphoneos;
				SWIFT_COMPILATION_MODE = wholemodule;
				SWIFT_OPTIMIZATION_LEVEL = "-O";
				VALIDATE_PRODUCT = YES;
			};
			name = Release;
		};
		45F3F20E2ADD35F400D13F6C /* Debug */ = {
			isa = XCBuildConfiguration;
			buildSettings = {
				ASSETCATALOG_COMPILER_APPICON_NAME = AppIcon;
				ASSETCATALOG_COMPILER_GLOBAL_ACCENT_COLOR_NAME = AccentColor;
				CODE_SIGN_STYLE = Automatic;
				CURRENT_PROJECT_VERSION = 1;
				DEVELOPMENT_ASSET_PATHS = "\"travel sample app/Preview Content\"";
				ENABLE_PREVIEWS = YES;
				GENERATE_INFOPLIST_FILE = YES;
				INFOPLIST_KEY_UIApplicationSceneManifest_Generation = YES;
				INFOPLIST_KEY_UIApplicationSupportsIndirectInputEvents = YES;
				INFOPLIST_KEY_UILaunchScreen_Generation = YES;
				INFOPLIST_KEY_UISupportedInterfaceOrientations_iPad = "UIInterfaceOrientationPortrait UIInterfaceOrientationPortraitUpsideDown UIInterfaceOrientationLandscapeLeft UIInterfaceOrientationLandscapeRight";
				INFOPLIST_KEY_UISupportedInterfaceOrientations_iPhone = "UIInterfaceOrientationPortrait UIInterfaceOrientationLandscapeLeft UIInterfaceOrientationLandscapeRight";
				LD_RUNPATH_SEARCH_PATHS = (
					"$(inherited)",
					"@executable_path/Frameworks",
				);
				MARKETING_VERSION = 1.0;
				PRODUCT_BUNDLE_IDENTIFIER = "josealobato.travel-sample-app";
				PRODUCT_NAME = "$(TARGET_NAME)";
				SWIFT_EMIT_LOC_STRINGS = YES;
				SWIFT_VERSION = 5.0;
				TARGETED_DEVICE_FAMILY = "1,2";
			};
			name = Debug;
		};
		45F3F20F2ADD35F400D13F6C /* Release */ = {
			isa = XCBuildConfiguration;
			buildSettings = {
				ASSETCATALOG_COMPILER_APPICON_NAME = AppIcon;
				ASSETCATALOG_COMPILER_GLOBAL_ACCENT_COLOR_NAME = AccentColor;
				CODE_SIGN_STYLE = Automatic;
				CURRENT_PROJECT_VERSION = 1;
				DEVELOPMENT_ASSET_PATHS = "\"travel sample app/Preview Content\"";
				ENABLE_PREVIEWS = YES;
				GENERATE_INFOPLIST_FILE = YES;
				INFOPLIST_KEY_UIApplicationSceneManifest_Generation = YES;
				INFOPLIST_KEY_UIApplicationSupportsIndirectInputEvents = YES;
				INFOPLIST_KEY_UILaunchScreen_Generation = YES;
				INFOPLIST_KEY_UISupportedInterfaceOrientations_iPad = "UIInterfaceOrientationPortrait UIInterfaceOrientationPortraitUpsideDown UIInterfaceOrientationLandscapeLeft UIInterfaceOrientationLandscapeRight";
				INFOPLIST_KEY_UISupportedInterfaceOrientations_iPhone = "UIInterfaceOrientationPortrait UIInterfaceOrientationLandscapeLeft UIInterfaceOrientationLandscapeRight";
				LD_RUNPATH_SEARCH_PATHS = (
					"$(inherited)",
					"@executable_path/Frameworks",
				);
				MARKETING_VERSION = 1.0;
				PRODUCT_BUNDLE_IDENTIFIER = "josealobato.travel-sample-app";
				PRODUCT_NAME = "$(TARGET_NAME)";
				SWIFT_EMIT_LOC_STRINGS = YES;
				SWIFT_VERSION = 5.0;
				TARGETED_DEVICE_FAMILY = "1,2";
			};
			name = Release;
		};
		45F3F2112ADD35F400D13F6C /* Debug */ = {
			isa = XCBuildConfiguration;
			buildSettings = {
				ALWAYS_EMBED_SWIFT_STANDARD_LIBRARIES = YES;
				BUNDLE_LOADER = "$(TEST_HOST)";
				CODE_SIGN_STYLE = Automatic;
				CURRENT_PROJECT_VERSION = 1;
				GENERATE_INFOPLIST_FILE = YES;
				IPHONEOS_DEPLOYMENT_TARGET = 16.4;
				MARKETING_VERSION = 1.0;
				PRODUCT_BUNDLE_IDENTIFIER = "josealobato.travel-sample-appTests";
				PRODUCT_NAME = "$(TARGET_NAME)";
				SWIFT_EMIT_LOC_STRINGS = NO;
				SWIFT_VERSION = 5.0;
				TARGETED_DEVICE_FAMILY = "1,2";
				TEST_HOST = "$(BUILT_PRODUCTS_DIR)/travel sample app.app/$(BUNDLE_EXECUTABLE_FOLDER_PATH)/travel sample app";
			};
			name = Debug;
		};
		45F3F2122ADD35F400D13F6C /* Release */ = {
			isa = XCBuildConfiguration;
			buildSettings = {
				ALWAYS_EMBED_SWIFT_STANDARD_LIBRARIES = YES;
				BUNDLE_LOADER = "$(TEST_HOST)";
				CODE_SIGN_STYLE = Automatic;
				CURRENT_PROJECT_VERSION = 1;
				GENERATE_INFOPLIST_FILE = YES;
				IPHONEOS_DEPLOYMENT_TARGET = 16.4;
				MARKETING_VERSION = 1.0;
				PRODUCT_BUNDLE_IDENTIFIER = "josealobato.travel-sample-appTests";
				PRODUCT_NAME = "$(TARGET_NAME)";
				SWIFT_EMIT_LOC_STRINGS = NO;
				SWIFT_VERSION = 5.0;
				TARGETED_DEVICE_FAMILY = "1,2";
				TEST_HOST = "$(BUILT_PRODUCTS_DIR)/travel sample app.app/$(BUNDLE_EXECUTABLE_FOLDER_PATH)/travel sample app";
			};
			name = Release;
		};
		45F3F2142ADD35F400D13F6C /* Debug */ = {
			isa = XCBuildConfiguration;
			buildSettings = {
				ALWAYS_EMBED_SWIFT_STANDARD_LIBRARIES = YES;
				CODE_SIGN_STYLE = Automatic;
				CURRENT_PROJECT_VERSION = 1;
				GENERATE_INFOPLIST_FILE = YES;
				MARKETING_VERSION = 1.0;
				PRODUCT_BUNDLE_IDENTIFIER = "josealobato.travel-sample-appUITests";
				PRODUCT_NAME = "$(TARGET_NAME)";
				SWIFT_EMIT_LOC_STRINGS = NO;
				SWIFT_VERSION = 5.0;
				TARGETED_DEVICE_FAMILY = "1,2";
				TEST_TARGET_NAME = "travel sample app";
			};
			name = Debug;
		};
		45F3F2152ADD35F400D13F6C /* Release */ = {
			isa = XCBuildConfiguration;
			buildSettings = {
				ALWAYS_EMBED_SWIFT_STANDARD_LIBRARIES = YES;
				CODE_SIGN_STYLE = Automatic;
				CURRENT_PROJECT_VERSION = 1;
				GENERATE_INFOPLIST_FILE = YES;
				MARKETING_VERSION = 1.0;
				PRODUCT_BUNDLE_IDENTIFIER = "josealobato.travel-sample-appUITests";
				PRODUCT_NAME = "$(TARGET_NAME)";
				SWIFT_EMIT_LOC_STRINGS = NO;
				SWIFT_VERSION = 5.0;
				TARGETED_DEVICE_FAMILY = "1,2";
				TEST_TARGET_NAME = "travel sample app";
			};
			name = Release;
		};
/* End XCBuildConfiguration section */

/* Begin XCConfigurationList section */
		45F3F1E42ADD35F300D13F6C /* Build configuration list for PBXProject "travel sample app" */ = {
			isa = XCConfigurationList;
			buildConfigurations = (
				45F3F20B2ADD35F400D13F6C /* Debug */,
				45F3F20C2ADD35F400D13F6C /* Release */,
			);
			defaultConfigurationIsVisible = 0;
			defaultConfigurationName = Release;
		};
		45F3F20D2ADD35F400D13F6C /* Build configuration list for PBXNativeTarget "travel sample app" */ = {
			isa = XCConfigurationList;
			buildConfigurations = (
				45F3F20E2ADD35F400D13F6C /* Debug */,
				45F3F20F2ADD35F400D13F6C /* Release */,
			);
			defaultConfigurationIsVisible = 0;
			defaultConfigurationName = Release;
		};
		45F3F2102ADD35F400D13F6C /* Build configuration list for PBXNativeTarget "travel sample appTests" */ = {
			isa = XCConfigurationList;
			buildConfigurations = (
				45F3F2112ADD35F400D13F6C /* Debug */,
				45F3F2122ADD35F400D13F6C /* Release */,
			);
			defaultConfigurationIsVisible = 0;
			defaultConfigurationName = Release;
		};
		45F3F2132ADD35F400D13F6C /* Build configuration list for PBXNativeTarget "travel sample appUITests" */ = {
			isa = XCConfigurationList;
			buildConfigurations = (
				45F3F2142ADD35F400D13F6C /* Debug */,
				45F3F2152ADD35F400D13F6C /* Release */,
			);
			defaultConfigurationIsVisible = 0;
			defaultConfigurationName = Release;
		};
/* End XCConfigurationList section */
	};
	rootObject = 45F3F1E12ADD35F300D13F6C /* Project object */;
}
